
Microsoft Visual Studio Solution File, Format Version 12.00
# Visual Studio 15
VisualStudioVersion = 15.0.28307.1525
MinimumVisualStudioVersion = 10.0.40219.1
Project("{FAE04EC0-301F-11D3-BF4B-00C04F79EFBC}") = "Statistics.Distributions", "Statistics.Distributions\Statistics.Distributions.csproj", "{DF953B4F-49E2-46B6-9F23-BB0B98D03A62}"
EndProject
Project("{FAE04EC0-301F-11D3-BF4B-00C04F79EFBC}") = "Statistics.WinformsUI", "Statistics.WinformsUI\Statistics.WinformsUI.csproj", "{6264CEB7-CFCD-4ACA-86A4-745F0B25A90C}"
EndProject
Global
	GlobalSection(SolutionConfigurationPlatforms) = preSolution
		Debug|Any CPU = Debug|Any CPU
		Release|Any CPU = Release|Any CPU
	EndGlobalSection
	GlobalSection(ProjectConfigurationPlatforms) = postSolution
		{DF953B4F-49E2-46B6-9F23-BB0B98D03A62}.Debug|Any CPU.ActiveCfg = Debug|Any CPU
		{DF953B4F-49E2-46B6-9F23-BB0B98D03A62}.Debug|Any CPU.Build.0 = Debug|Any CPU
		{DF953B4F-49E2-46B6-9F23-BB0B98D03A62}.Release|Any CPU.ActiveCfg = Release|Any CPU
		{DF953B4F-49E2-46B6-9F23-BB0B98D03A62}.Release|Any CPU.Build.0 = Release|Any CPU
		{6264CEB7-CFCD-4ACA-86A4-745F0B25A90C}.Debug|Any CPU.ActiveCfg = Debug|Any CPU
		{6264CEB7-CFCD-4ACA-86A4-745F0B25A90C}.Debug|Any CPU.Build.0 = Debug|Any CPU
		{6264CEB7-CFCD-4ACA-86A4-745F0B25A90C}.Release|Any CPU.ActiveCfg = Release|Any CPU
		{6264CEB7-CFCD-4ACA-86A4-745F0B25A90C}.Release|Any CPU.Build.0 = Release|Any CPU
	EndGlobalSection
	GlobalSection(SolutionProperties) = preSolution
		HideSolutionNode = FALSE
	EndGlobalSection
	GlobalSection(ExtensibilityGlobals) = postSolution
		SolutionGuid = {5A1F2DEA-A580-49F5-92C9-F734E1E0DFEA}
	EndGlobalSection
EndGlobal
