
Microsoft Visual Studio Solution File, Format Version 12.00
# Visual Studio Version 17
VisualStudioVersion = 17.3.32929.385
MinimumVisualStudioVersion = 10.0.40219.1
Project("{FAE04EC0-301F-11D3-BF4B-00C04F79EFBC}") = "Dopamin.Statistics.WPF", "Dopamin.Statistics.WPF\Dopamin.Statistics.WPF.csproj", "{B2F17A9D-3463-4AFD-82F2-3D76A16C3A01}"
EndProject
Project("{FAE04EC0-301F-11D3-BF4B-00C04F79EFBC}") = "Dopamin.Statistics.Core", "Dopamin.Statistics.Core\Dopamin.Statistics.Core.csproj", "{ACC4D9C2-C7FE-4EDC-B74B-F62BC71382F8}"
EndProject
Project("{FAE04EC0-301F-11D3-BF4B-00C04F79EFBC}") = "Dopamin.Statistics.Winforms", "Dopamin.Statistics.Winforms\Dopamin.Statistics.Winforms.csproj", "{7D92A01A-23BC-4990-AEEB-235CADD81E0A}"
EndProject
Global
	GlobalSection(SolutionConfigurationPlatforms) = preSolution
		Debug|Any CPU = Debug|Any CPU
		Release|Any CPU = Release|Any CPU
	EndGlobalSection
	GlobalSection(ProjectConfigurationPlatforms) = postSolution
		{B2F17A9D-3463-4AFD-82F2-3D76A16C3A01}.Debug|Any CPU.ActiveCfg = Debug|Any CPU
		{B2F17A9D-3463-4AFD-82F2-3D76A16C3A01}.Debug|Any CPU.Build.0 = Debug|Any CPU
		{B2F17A9D-3463-4AFD-82F2-3D76A16C3A01}.Release|Any CPU.ActiveCfg = Release|Any CPU
		{B2F17A9D-3463-4AFD-82F2-3D76A16C3A01}.Release|Any CPU.Build.0 = Release|Any CPU
		{ACC4D9C2-C7FE-4EDC-B74B-F62BC71382F8}.Debug|Any CPU.ActiveCfg = Debug|Any CPU
		{ACC4D9C2-C7FE-4EDC-B74B-F62BC71382F8}.Debug|Any CPU.Build.0 = Debug|Any CPU
		{ACC4D9C2-C7FE-4EDC-B74B-F62BC71382F8}.Release|Any CPU.ActiveCfg = Release|Any CPU
		{ACC4D9C2-C7FE-4EDC-B74B-F62BC71382F8}.Release|Any CPU.Build.0 = Release|Any CPU
		{7D92A01A-23BC-4990-AEEB-235CADD81E0A}.Debug|Any CPU.ActiveCfg = Debug|Any CPU
		{7D92A01A-23BC-4990-AEEB-235CADD81E0A}.Debug|Any CPU.Build.0 = Debug|Any CPU
		{7D92A01A-23BC-4990-AEEB-235CADD81E0A}.Release|Any CPU.ActiveCfg = Release|Any CPU
		{7D92A01A-23BC-4990-AEEB-235CADD81E0A}.Release|Any CPU.Build.0 = Release|Any CPU
	EndGlobalSection
	GlobalSection(SolutionProperties) = preSolution
		HideSolutionNode = FALSE
	EndGlobalSection
	GlobalSection(ExtensibilityGlobals) = postSolution
		SolutionGuid = {868F3E71-944C-4777-8528-C6FE17AACA3D}
	EndGlobalSection
EndGlobal
